
Microsoft Visual Studio Solution File, Format Version 12.00
# Visual Studio Version 17
VisualStudioVersion = 17.9.34723.18
MinimumVisualStudioVersion = 10.0.40219.1
Project("{FAE04EC0-301F-11D3-BF4B-00C04F79EFBC}") = "ListaDeContatosMohhamedAbidbuhamed", "ListaDeContatosMohhamedAbidbuhamed.csproj", "{ECD7714B-9C2F-46A0-B7CF-84949423FED0}"
EndProject
Global
	GlobalSection(SolutionConfigurationPlatforms) = preSolution
		Debug|Any CPU = Debug|Any CPU
		Release|Any CPU = Release|Any CPU
	EndGlobalSection
	GlobalSection(ProjectConfigurationPlatforms) = postSolution
		{ECD7714B-9C2F-46A0-B7CF-84949423FED0}.Debug|Any CPU.ActiveCfg = Debug|Any CPU
		{ECD7714B-9C2F-46A0-B7CF-84949423FED0}.Debug|Any CPU.Build.0 = Debug|Any CPU
		{ECD7714B-9C2F-46A0-B7CF-84949423FED0}.Release|Any CPU.ActiveCfg = Release|Any CPU
		{ECD7714B-9C2F-46A0-B7CF-84949423FED0}.Release|Any CPU.Build.0 = Release|Any CPU
	EndGlobalSection
	GlobalSection(SolutionProperties) = preSolution
		HideSolutionNode = FALSE
	EndGlobalSection
	GlobalSection(ExtensibilityGlobals) = postSolution
		SolutionGuid = {86659044-265D-464A-AE5A-11ADC8FF422A}
	EndGlobalSection
EndGlobal
